{
  "name": "CMS",
  "version": "14.0.0",
  "lockfileVersion": 3,
  "requires": true,
  "packages": {
    "": {
      "name": "CMS",
      "version": "14.0.0",
      "license": "MIT",
      "dependencies": {
        "total4": "latest"
      }
    },
    "node_modules/total4": {
      "version": "0.0.86",
      "resolved": "https://registry.npmmirror.com/total4/-/total4-0.0.86.tgz",
      "integrity": "sha512-R0Xfd7BBNqhuwlvCNH6pMuUQDVHs+OMxtAopMoqkx7HNeHj4T56aFLAHimP39LJUFknk2lBlg6bIEhIxt+t4EA==",
      "bin": {
        "total4": "bin/total4"
      }
    }
  }
}
